// !$*UTF8*$!
{
	archiveVersion = 1;
	classes = {
	};
	objectVersion = 48;
	objects = {

/* Begin PBXBuildFile section */
		54523F641FDAD28300F6F1C5 /* AppDelegate.m in Sources */ = {isa = PBXBuildFile; fileRef = 54523F631FDAD28300F6F1C5 /* AppDelegate.m */; };
		54523F671FDAD28300F6F1C5 /* ViewController.m in Sources */ = {isa = PBXBuildFile; fileRef = 54523F661FDAD28300F6F1C5 /* ViewController.m */; };
		54523F6A1FDAD28400F6F1C5 /* Main.storyboard in Resources */ = {isa = PBXBuildFile; fileRef = 54523F681FDAD28400F6F1C5 /* Main.storyboard */; };
		54523F6C1FDAD28400F6F1C5 /* Assets.xcassets in Resources */ = {isa = PBXBuildFile; fileRef = 54523F6B1FDAD28400F6F1C5 /* Assets.xcassets */; };
		54523F6F1FDAD28400F6F1C5 /* LaunchScreen.storyboard in Resources */ = {isa = PBXBuildFile; fileRef = 54523F6D1FDAD28400F6F1C5 /* LaunchScreen.storyboard */; };
		54523F721FDAD28400F6F1C5 /* main.m in Sources */ = {isa = PBXBuildFile; fileRef = 54523F711FDAD28400F6F1C5 /* main.m */; };
		54523F7C1FDAD28400F6F1C5 /* AdsorbDemoTests.m in Sources */ = {isa = PBXBuildFile; fileRef = 54523F7B1FDAD28400F6F1C5 /* AdsorbDemoTests.m */; };
		54523F871FDAD28400F6F1C5 /* AdsorbDemoUITests.m in Sources */ = {isa = PBXBuildFile; fileRef = 54523F861FDAD28400F6F1C5 /* AdsorbDemoUITests.m */; };
		54523F9F1FDADAEE00F6F1C5 /* UIView+SDAutoLayout.m in Sources */ = {isa = PBXBuildFile; fileRef = 54523F9C1FDADAEE00F6F1C5 /* UIView+SDAutoLayout.m */; };
		54523FA01FDADAEE00F6F1C5 /* UITableView+SDAutoTableViewCellHeight.m in Sources */ = {isa = PBXBuildFile; fileRef = 54523F9E1FDADAEE00F6F1C5 /* UITableView+SDAutoTableViewCellHeight.m */; };
		54523FA81FDADC9D00F6F1C5 /* Demo1VC.m in Sources */ = {isa = PBXBuildFile; fileRef = 54523FA71FDADC9D00F6F1C5 /* Demo1VC.m */; };
		54523FB11FDADD6200F6F1C5 /* UITableView+CYLTableViewPlaceHolder.m in Sources */ = {isa = PBXBuildFile; fileRef = 54523FAC1FDADD6100F6F1C5 /* UITableView+CYLTableViewPlaceHolder.m */; };
		54523FB21FDADD6200F6F1C5 /* HMSegmentedControl.m in Sources */ = {isa = PBXBuildFile; fileRef = 54523FB01FDADD6100F6F1C5 /* HMSegmentedControl.m */; };
		54523FB51FDADD7800F6F1C5 /* HMSegmentedControl+Category.m in Sources */ = {isa = PBXBuildFile; fileRef = 54523FB41FDADD7700F6F1C5 /* HMSegmentedControl+Category.m */; };
		547AFC2B1FDC228E0012A3F2 /* WeiboDemo.m in Sources */ = {isa = PBXBuildFile; fileRef = 547AFC2A1FDC228E0012A3F2 /* WeiboDemo.m */; };
		547AFC311FDC33CB0012A3F2 /* WeiboHeader.m in Sources */ = {isa = PBXBuildFile; fileRef = 547AFC301FDC33CB0012A3F2 /* WeiboHeader.m */; };
		547AFC331FDC33E00012A3F2 /* WeiboHeader.xib in Resources */ = {isa = PBXBuildFile; fileRef = 547AFC321FDC33E00012A3F2 /* WeiboHeader.xib */; };
		547AFC361FDC41DB0012A3F2 /* Weibo_NavBar.m in Sources */ = {isa = PBXBuildFile; fileRef = 547AFC351FDC41DB0012A3F2 /* Weibo_NavBar.m */; };
		547AFC391FDC59C10012A3F2 /* HFStretchableTableHeaderView.m in Sources */ = {isa = PBXBuildFile; fileRef = 547AFC381FDC59C10012A3F2 /* HFStretchableTableHeaderView.m */; };
		547AFC3D1FDC5A510012A3F2 /* UITableView+Guesture.m in Sources */ = {isa = PBXBuildFile; fileRef = 547AFC3C1FDC5A510012A3F2 /* UITableView+Guesture.m */; };
		548EDC0F1FDD7EBF0072A3B1 /* SegmentCell.m in Sources */ = {isa = PBXBuildFile; fileRef = 548EDC0E1FDD7EBF0072A3B1 /* SegmentCell.m */; };
		548EDC181FDD92E00072A3B1 /* ChildVC6.m in Sources */ = {isa = PBXBuildFile; fileRef = 548EDC171FDD92E00072A3B1 /* ChildVC6.m */; };
		549A0F501FDAF38600E32B08 /* ChildVC1.m in Sources */ = {isa = PBXBuildFile; fileRef = 549A0F4F1FDAF38600E32B08 /* ChildVC1.m */; };
		549A0F531FDAF39100E32B08 /* ChildVC2.m in Sources */ = {isa = PBXBuildFile; fileRef = 549A0F521FDAF39100E32B08 /* ChildVC2.m */; };
		549A0F561FDAF3AF00E32B08 /* ChildVC4.m in Sources */ = {isa = PBXBuildFile; fileRef = 549A0F551FDAF3AF00E32B08 /* ChildVC4.m */; };
		549A0F591FDAF3C000E32B08 /* ChildVC5.m in Sources */ = {isa = PBXBuildFile; fileRef = 549A0F581FDAF3C000E32B08 /* ChildVC5.m */; };
		549A0F5C1FDAF51B00E32B08 /* ChildVC3.m in Sources */ = {isa = PBXBuildFile; fileRef = 549A0F5B1FDAF51B00E32B08 /* ChildVC3.m */; };
		549A0F621FDB002500E32B08 /* ChildVC.m in Sources */ = {isa = PBXBuildFile; fileRef = 549A0F611FDB002500E32B08 /* ChildVC.m */; };
		549A0F651FDB046A00E32B08 /* Demo2VC.m in Sources */ = {isa = PBXBuildFile; fileRef = 549A0F641FDB046900E32B08 /* Demo2VC.m */; };
		549A0F681FDB051700E32B08 /* DemoVC.m in Sources */ = {isa = PBXBuildFile; fileRef = 549A0F671FDB051700E32B08 /* DemoVC.m */; };
		54CC3C741FE17E4100FCDE4E /* MeiTuanDemo.m in Sources */ = {isa = PBXBuildFile; fileRef = 54CC3C731FE17E4100FCDE4E /* MeiTuanDemo.m */; };
		54CC3C771FE17EFD00FCDE4E /* MeiTuanHeader.m in Sources */ = {isa = PBXBuildFile; fileRef = 54CC3C761FE17EFD00FCDE4E /* MeiTuanHeader.m */; };
		54CC3C8A1FE17F8C00FCDE4E /* SDCycleScrollView.m in Sources */ = {isa = PBXBuildFile; fileRef = 54CC3C7E1FE17F8C00FCDE4E /* SDCycleScrollView.m */; };
		54CC3C8B1FE17F8C00FCDE4E /* UIView+SDExtension.m in Sources */ = {isa = PBXBuildFile; fileRef = 54CC3C7F1FE17F8C00FCDE4E /* UIView+SDExtension.m */; };
		54CC3C8C1FE17F8C00FCDE4E /* SDCollectionViewCell.m in Sources */ = {isa = PBXBuildFile; fileRef = 54CC3C801FE17F8C00FCDE4E /* SDCollectionViewCell.m */; };
		54CC3C8D1FE17F8C00FCDE4E /* TADotView.m in Sources */ = {isa = PBXBuildFile; fileRef = 54CC3C831FE17F8C00FCDE4E /* TADotView.m */; };
		54CC3C8E1FE17F8C00FCDE4E /* TAPageControl.m in Sources */ = {isa = PBXBuildFile; fileRef = 54CC3C841FE17F8C00FCDE4E /* TAPageControl.m */; };
		54CC3C8F1FE17F8C00FCDE4E /* TAAnimatedDotView.m in Sources */ = {isa = PBXBuildFile; fileRef = 54CC3C851FE17F8C00FCDE4E /* TAAnimatedDotView.m */; };
		54CC3C901FE17F8C00FCDE4E /* TAAbstractDotView.m in Sources */ = {isa = PBXBuildFile; fileRef = 54CC3C861FE17F8C00FCDE4E /* TAAbstractDotView.m */; };
		54CC3CCC1FE1829A00FCDE4E /* UIImage+WebP.m in Sources */ = {isa = PBXBuildFile; fileRef = 54CC3C941FE1829A00FCDE4E /* UIImage+WebP.m */; };
		54CC3CCD1FE1829A00FCDE4E /* MKAnnotationView+WebCache.m in Sources */ = {isa = PBXBuildFile; fileRef = 54CC3C951FE1829A00FCDE4E /* MKAnnotationView+WebCache.m */; };
		54CC3CCE1FE1829A00FCDE4E /* SDWebImageManager.m in Sources */ = {isa = PBXBuildFile; fileRef = 54CC3C9A1FE1829A00FCDE4E /* SDWebImageManager.m */; };
		54CC3CCF1FE1829A00FCDE4E /* UIImageView+HighlightedWebCache.m in Sources */ = {isa = PBXBuildFile; fileRef = 54CC3C9C1FE1829A00FCDE4E /* UIImageView+HighlightedWebCache.m */; };
		54CC3CD01FE1829A00FCDE4E /* SDWebImageFrame.m in Sources */ = {isa = PBXBuildFile; fileRef = 54CC3C9D1FE1829A00FCDE4E /* SDWebImageFrame.m */; };
		54CC3CD11FE1829A00FCDE4E /* UIImage+ForceDecode.m in Sources */ = {isa = PBXBuildFile; fileRef = 54CC3C9F1FE1829A00FCDE4E /* UIImage+ForceDecode.m */; };
		54CC3CD21FE1829A00FCDE4E /* SDWebImageCodersManager.m in Sources */ = {isa = PBXBuildFile; fileRef = 54CC3CA11FE1829A00FCDE4E /* SDWebImageCodersManager.m */; };
		54CC3CD41FE1829A00FCDE4E /* SDWebImageDownloader.m in Sources */ = {isa = PBXBuildFile; fileRef = 54CC3CA51FE1829A00FCDE4E /* SDWebImageDownloader.m */; };
		54CC3CD51FE1829A00FCDE4E /* UIImage+GIF.m in Sources */ = {isa = PBXBuildFile; fileRef = 54CC3CA81FE1829A00FCDE4E /* UIImage+GIF.m */; };
		54CC3CD61FE1829A00FCDE4E /* UIImage+MultiFormat.m in Sources */ = {isa = PBXBuildFile; fileRef = 54CC3CAA1FE1829A00FCDE4E /* UIImage+MultiFormat.m */; };
		54CC3CD71FE1829A00FCDE4E /* SDWebImageCoderHelper.m in Sources */ = {isa = PBXBuildFile; fileRef = 54CC3CAB1FE1829A00FCDE4E /* SDWebImageCoderHelper.m */; };
		54CC3CD81FE1829A00FCDE4E /* SDWebImageCompat.m in Sources */ = {isa = PBXBuildFile; fileRef = 54CC3CAC1FE1829A00FCDE4E /* SDWebImageCompat.m */; };
		54CC3CD91FE1829A00FCDE4E /* SDWebImagePrefetcher.m in Sources */ = {isa = PBXBuildFile; fileRef = 54CC3CAE1FE1829A00FCDE4E /* SDWebImagePrefetcher.m */; };
		54CC3CDA1FE1829A00FCDE4E /* SDWebImageCoder.m in Sources */ = {isa = PBXBuildFile; fileRef = 54CC3CB11FE1829A00FCDE4E /* SDWebImageCoder.m */; };
		54CC3CDB1FE1829A00FCDE4E /* SDImageCache.m in Sources */ = {isa = PBXBuildFile; fileRef = 54CC3CB41FE1829A00FCDE4E /* SDImageCache.m */; };
		54CC3CDC1FE1829A00FCDE4E /* SDWebImageDownloaderOperation.m in Sources */ = {isa = PBXBuildFile; fileRef = 54CC3CB71FE1829A00FCDE4E /* SDWebImageDownloaderOperation.m */; };
		54CC3CDD1FE1829A00FCDE4E /* NSData+ImageContentType.m in Sources */ = {isa = PBXBuildFile; fileRef = 54CC3CB91FE1829A00FCDE4E /* NSData+ImageContentType.m */; };
		54CC3CDE1FE1829A00FCDE4E /* UIImageView+WebCache.m in Sources */ = {isa = PBXBuildFile; fileRef = 54CC3CBA1FE1829A00FCDE4E /* UIImageView+WebCache.m */; };
		54CC3CDF1FE1829A00FCDE4E /* NSImage+WebCache.m in Sources */ = {isa = PBXBuildFile; fileRef = 54CC3CBC1FE1829A00FCDE4E /* NSImage+WebCache.m */; };
		54CC3CE01FE1829A00FCDE4E /* SDWebImageGIFCoder.m in Sources */ = {isa = PBXBuildFile; fileRef = 54CC3CBD1FE1829A00FCDE4E /* SDWebImageGIFCoder.m */; };
		54CC3CE11FE1829A00FCDE4E /* SDImageCacheConfig.m in Sources */ = {isa = PBXBuildFile; fileRef = 54CC3CBF1FE1829A00FCDE4E /* SDImageCacheConfig.m */; };
		54CC3CE21FE1829A00FCDE4E /* UIView+WebCacheOperation.m in Sources */ = {isa = PBXBuildFile; fileRef = 54CC3CC21FE1829A00FCDE4E /* UIView+WebCacheOperation.m */; };
		54CC3CE31FE1829A00FCDE4E /* UIView+WebCache.m in Sources */ = {isa = PBXBuildFile; fileRef = 54CC3CC31FE1829A00FCDE4E /* UIView+WebCache.m */; };
		54CC3CE41FE1829A00FCDE4E /* SDWebImageImageIOCoder.m in Sources */ = {isa = PBXBuildFile; fileRef = 54CC3CC51FE1829A00FCDE4E /* SDWebImageImageIOCoder.m */; };
		54CC3CE51FE1829A00FCDE4E /* UIButton+WebCache.m in Sources */ = {isa = PBXBuildFile; fileRef = 54CC3CC91FE1829A00FCDE4E /* UIButton+WebCache.m */; };
		54CC3CE61FE1829A00FCDE4E /* SDWebImageWebPCoder.m in Sources */ = {isa = PBXBuildFile; fileRef = 54CC3CCA1FE1829A00FCDE4E /* SDWebImageWebPCoder.m */; };
		54CC3CEA1FE1852200FCDE4E /* MeiTuanNavBar.m in Sources */ = {isa = PBXBuildFile; fileRef = 54CC3CE91FE1852200FCDE4E /* MeiTuanNavBar.m */; };
/* End PBXBuildFile section */

/* Begin PBXContainerItemProxy section */
		54523F781FDAD28400F6F1C5 /* PBXContainerItemProxy */ = {
			isa = PBXContainerItemProxy;
			containerPortal = 54523F571FDAD28300F6F1C5 /* Project object */;
			proxyType = 1;
			remoteGlobalIDString = 54523F5E1FDAD28300F6F1C5;
			remoteInfo = AdsorbDemo;
		};
		54523F831FDAD28400F6F1C5 /* PBXContainerItemProxy */ = {
			isa = PBXContainerItemProxy;
			containerPortal = 54523F571FDAD28300F6F1C5 /* Project object */;
			proxyType = 1;
			remoteGlobalIDString = 54523F5E1FDAD28300F6F1C5;
			remoteInfo = AdsorbDemo;
		};
/* End PBXContainerItemProxy section */

/* Begin PBXFileReference section */
		54523F5F1FDAD28300F6F1C5 /* AdsorbDemo.app */ = {isa = PBXFileReference; explicitFileType = wrapper.application; includeInIndex = 0; path = AdsorbDemo.app; sourceTree = BUILT_PRODUCTS_DIR; };
		54523F621FDAD28300F6F1C5 /* AppDelegate.h */ = {isa = PBXFileReference; lastKnownFileType = sourcecode.c.h; path = AppDelegate.h; sourceTree = "<group>"; };
		54523F631FDAD28300F6F1C5 /* AppDelegate.m */ = {isa = PBXFileReference; lastKnownFileType = sourcecode.c.objc; path = AppDelegate.m; sourceTree = "<group>"; };
		54523F651FDAD28300F6F1C5 /* ViewController.h */ = {isa = PBXFileReference; lastKnownFileType = sourcecode.c.h; path = ViewController.h; sourceTree = "<group>"; };
		54523F661FDAD28300F6F1C5 /* ViewController.m */ = {isa = PBXFileReference; lastKnownFileType = sourcecode.c.objc; path = ViewController.m; sourceTree = "<group>"; };
		54523F691FDAD28400F6F1C5 /* Base */ = {isa = PBXFileReference; lastKnownFileType = file.storyboard; name = Base; path = Base.lproj/Main.storyboard; sourceTree = "<group>"; };
		54523F6B1FDAD28400F6F1C5 /* Assets.xcassets */ = {isa = PBXFileReference; lastKnownFileType = folder.assetcatalog; path = Assets.xcassets; sourceTree = "<group>"; };
		54523F6E1FDAD28400F6F1C5 /* Base */ = {isa = PBXFileReference; lastKnownFileType = file.storyboard; name = Base; path = Base.lproj/LaunchScreen.storyboard; sourceTree = "<group>"; };
		54523F701FDAD28400F6F1C5 /* Info.plist */ = {isa = PBXFileReference; lastKnownFileType = text.plist.xml; path = Info.plist; sourceTree = "<group>"; };
		54523F711FDAD28400F6F1C5 /* main.m */ = {isa = PBXFileReference; lastKnownFileType = sourcecode.c.objc; path = main.m; sourceTree = "<group>"; };
		54523F771FDAD28400F6F1C5 /* AdsorbDemoTests.xctest */ = {isa = PBXFileReference; explicitFileType = wrapper.cfbundle; includeInIndex = 0; path = AdsorbDemoTests.xctest; sourceTree = BUILT_PRODUCTS_DIR; };
		54523F7B1FDAD28400F6F1C5 /* AdsorbDemoTests.m */ = {isa = PBXFileReference; lastKnownFileType = sourcecode.c.objc; path = AdsorbDemoTests.m; sourceTree = "<group>"; };
		54523F7D1FDAD28400F6F1C5 /* Info.plist */ = {isa = PBXFileReference; lastKnownFileType = text.plist.xml; path = Info.plist; sourceTree = "<group>"; };
		54523F821FDAD28400F6F1C5 /* AdsorbDemoUITests.xctest */ = {isa = PBXFileReference; explicitFileType = wrapper.cfbundle; includeInIndex = 0; path = AdsorbDemoUITests.xctest; sourceTree = BUILT_PRODUCTS_DIR; };
		54523F861FDAD28400F6F1C5 /* AdsorbDemoUITests.m */ = {isa = PBXFileReference; lastKnownFileType = sourcecode.c.objc; path = AdsorbDemoUITests.m; sourceTree = "<group>"; };
		54523F881FDAD28400F6F1C5 /* Info.plist */ = {isa = PBXFileReference; lastKnownFileType = text.plist.xml; path = Info.plist; sourceTree = "<group>"; };
		54523F9A1FDADAED00F6F1C5 /* UITableView+SDAutoTableViewCellHeight.h */ = {isa = PBXFileReference; fileEncoding = 4; lastKnownFileType = sourcecode.c.h; path = "UITableView+SDAutoTableViewCellHeight.h"; sourceTree = "<group>"; };
		54523F9B1FDADAED00F6F1C5 /* UIView+SDAutoLayout.h */ = {isa = PBXFileReference; fileEncoding = 4; lastKnownFileType = sourcecode.c.h; path = "UIView+SDAutoLayout.h"; sourceTree = "<group>"; };
		54523F9C1FDADAEE00F6F1C5 /* UIView+SDAutoLayout.m */ = {isa = PBXFileReference; fileEncoding = 4; lastKnownFileType = sourcecode.c.objc; path = "UIView+SDAutoLayout.m"; sourceTree = "<group>"; };
		54523F9D1FDADAEE00F6F1C5 /* SDAutoLayout.h */ = {isa = PBXFileReference; fileEncoding = 4; lastKnownFileType = sourcecode.c.h; path = SDAutoLayout.h; sourceTree = "<group>"; };
		54523F9E1FDADAEE00F6F1C5 /* UITableView+SDAutoTableViewCellHeight.m */ = {isa = PBXFileReference; fileEncoding = 4; lastKnownFileType = sourcecode.c.objc; path = "UITableView+SDAutoTableViewCellHeight.m"; sourceTree = "<group>"; };
		54523FA21FDADB9600F6F1C5 /* PrefixHeader.pch */ = {isa = PBXFileReference; lastKnownFileType = sourcecode.c.h; path = PrefixHeader.pch; sourceTree = "<group>"; };
		54523FA61FDADC9D00F6F1C5 /* Demo1VC.h */ = {isa = PBXFileReference; lastKnownFileType = sourcecode.c.h; path = Demo1VC.h; sourceTree = "<group>"; };
		54523FA71FDADC9D00F6F1C5 /* Demo1VC.m */ = {isa = PBXFileReference; lastKnownFileType = sourcecode.c.objc; path = Demo1VC.m; sourceTree = "<group>"; };
		54523FAA1FDADD6100F6F1C5 /* HMSegmentedControl.h */ = {isa = PBXFileReference; fileEncoding = 4; lastKnownFileType = sourcecode.c.h; path = HMSegmentedControl.h; sourceTree = "<group>"; };
		54523FAC1FDADD6100F6F1C5 /* UITableView+CYLTableViewPlaceHolder.m */ = {isa = PBXFileReference; fileEncoding = 4; lastKnownFileType = sourcecode.c.objc; path = "UITableView+CYLTableViewPlaceHolder.m"; sourceTree = "<group>"; };
		54523FAD1FDADD6100F6F1C5 /* CYLTableViewPlaceHolder.h */ = {isa = PBXFileReference; fileEncoding = 4; lastKnownFileType = sourcecode.c.h; path = CYLTableViewPlaceHolder.h; sourceTree = "<group>"; };
		54523FAE1FDADD6100F6F1C5 /* CYLTableViewPlaceHolderDelegate.h */ = {isa = PBXFileReference; fileEncoding = 4; lastKnownFileType = sourcecode.c.h; path = CYLTableViewPlaceHolderDelegate.h; sourceTree = "<group>"; };
		54523FAF1FDADD6100F6F1C5 /* UITableView+CYLTableViewPlaceHolder.h */ = {isa = PBXFileReference; fileEncoding = 4; lastKnownFileType = sourcecode.c.h; path = "UITableView+CYLTableViewPlaceHolder.h"; sourceTree = "<group>"; };
		54523FB01FDADD6100F6F1C5 /* HMSegmentedControl.m */ = {isa = PBXFileReference; fileEncoding = 4; lastKnownFileType = sourcecode.c.objc; path = HMSegmentedControl.m; sourceTree = "<group>"; };
		54523FB31FDADD7700F6F1C5 /* HMSegmentedControl+Category.h */ = {isa = PBXFileReference; fileEncoding = 4; lastKnownFileType = sourcecode.c.h; path = "HMSegmentedControl+Category.h"; sourceTree = "<group>"; };
		54523FB41FDADD7700F6F1C5 /* HMSegmentedControl+Category.m */ = {isa = PBXFileReference; fileEncoding = 4; lastKnownFileType = sourcecode.c.objc; path = "HMSegmentedControl+Category.m"; sourceTree = "<group>"; };
		547AFC291FDC228E0012A3F2 /* WeiboDemo.h */ = {isa = PBXFileReference; lastKnownFileType = sourcecode.c.h; path = WeiboDemo.h; sourceTree = "<group>"; };
		547AFC2A1FDC228E0012A3F2 /* WeiboDemo.m */ = {isa = PBXFileReference; lastKnownFileType = sourcecode.c.objc; path = WeiboDemo.m; sourceTree = "<group>"; };
		547AFC2F1FDC33CB0012A3F2 /* WeiboHeader.h */ = {isa = PBXFileReference; lastKnownFileType = sourcecode.c.h; path = WeiboHeader.h; sourceTree = "<group>"; };
		547AFC301FDC33CB0012A3F2 /* WeiboHeader.m */ = {isa = PBXFileReference; lastKnownFileType = sourcecode.c.objc; path = WeiboHeader.m; sourceTree = "<group>"; };
		547AFC321FDC33E00012A3F2 /* WeiboHeader.xib */ = {isa = PBXFileReference; lastKnownFileType = file.xib; path = WeiboHeader.xib; sourceTree = "<group>"; };
		547AFC341FDC41DB0012A3F2 /* Weibo_NavBar.h */ = {isa = PBXFileReference; lastKnownFileType = sourcecode.c.h; path = Weibo_NavBar.h; sourceTree = "<group>"; };
		547AFC351FDC41DB0012A3F2 /* Weibo_NavBar.m */ = {isa = PBXFileReference; lastKnownFileType = sourcecode.c.objc; path = Weibo_NavBar.m; sourceTree = "<group>"; };
		547AFC371FDC59C10012A3F2 /* HFStretchableTableHeaderView.h */ = {isa = PBXFileReference; fileEncoding = 4; lastKnownFileType = sourcecode.c.h; path = HFStretchableTableHeaderView.h; sourceTree = "<group>"; };
		547AFC381FDC59C10012A3F2 /* HFStretchableTableHeaderView.m */ = {isa = PBXFileReference; fileEncoding = 4; lastKnownFileType = sourcecode.c.objc; path = HFStretchableTableHeaderView.m; sourceTree = "<group>"; };
		547AFC3B1FDC5A510012A3F2 /* UITableView+Guesture.h */ = {isa = PBXFileReference; lastKnownFileType = sourcecode.c.h; path = "UITableView+Guesture.h"; sourceTree = "<group>"; };
		547AFC3C1FDC5A510012A3F2 /* UITableView+Guesture.m */ = {isa = PBXFileReference; lastKnownFileType = sourcecode.c.objc; path = "UITableView+Guesture.m"; sourceTree = "<group>"; };
		548EDC0D1FDD7EBF0072A3B1 /* SegmentCell.h */ = {isa = PBXFileReference; lastKnownFileType = sourcecode.c.h; path = SegmentCell.h; sourceTree = "<group>"; };
		548EDC0E1FDD7EBF0072A3B1 /* SegmentCell.m */ = {isa = PBXFileReference; lastKnownFileType = sourcecode.c.objc; path = SegmentCell.m; sourceTree = "<group>"; };
		548EDC161FDD92E00072A3B1 /* ChildVC6.h */ = {isa = PBXFileReference; lastKnownFileType = sourcecode.c.h; path = ChildVC6.h; sourceTree = "<group>"; };
		548EDC171FDD92E00072A3B1 /* ChildVC6.m */ = {isa = PBXFileReference; lastKnownFileType = sourcecode.c.objc; path = ChildVC6.m; sourceTree = "<group>"; };
		549A0F4E1FDAF38600E32B08 /* ChildVC1.h */ = {isa = PBXFileReference; lastKnownFileType = sourcecode.c.h; path = ChildVC1.h; sourceTree = "<group>"; };
		549A0F4F1FDAF38600E32B08 /* ChildVC1.m */ = {isa = PBXFileReference; lastKnownFileType = sourcecode.c.objc; path = ChildVC1.m; sourceTree = "<group>"; };
		549A0F511FDAF39100E32B08 /* ChildVC2.h */ = {isa = PBXFileReference; lastKnownFileType = sourcecode.c.h; path = ChildVC2.h; sourceTree = "<group>"; };
		549A0F521FDAF39100E32B08 /* ChildVC2.m */ = {isa = PBXFileReference; lastKnownFileType = sourcecode.c.objc; path = ChildVC2.m; sourceTree = "<group>"; };
		549A0F541FDAF3AF00E32B08 /* ChildVC4.h */ = {isa = PBXFileReference; lastKnownFileType = sourcecode.c.h; path = ChildVC4.h; sourceTree = "<group>"; };
		549A0F551FDAF3AF00E32B08 /* ChildVC4.m */ = {isa = PBXFileReference; lastKnownFileType = sourcecode.c.objc; path = ChildVC4.m; sourceTree = "<group>"; };
		549A0F571FDAF3C000E32B08 /* ChildVC5.h */ = {isa = PBXFileReference; lastKnownFileType = sourcecode.c.h; path = ChildVC5.h; sourceTree = "<group>"; };
		549A0F581FDAF3C000E32B08 /* ChildVC5.m */ = {isa = PBXFileReference; lastKnownFileType = sourcecode.c.objc; path = ChildVC5.m; sourceTree = "<group>"; };
		549A0F5A1FDAF51B00E32B08 /* ChildVC3.h */ = {isa = PBXFileReference; lastKnownFileType = sourcecode.c.h; path = ChildVC3.h; sourceTree = "<group>"; };
		549A0F5B1FDAF51B00E32B08 /* ChildVC3.m */ = {isa = PBXFileReference; lastKnownFileType = sourcecode.c.objc; path = ChildVC3.m; sourceTree = "<group>"; };
		549A0F601FDB002500E32B08 /* ChildVC.h */ = {isa = PBXFileReference; lastKnownFileType = sourcecode.c.h; path = ChildVC.h; sourceTree = "<group>"; };
		549A0F611FDB002500E32B08 /* ChildVC.m */ = {isa = PBXFileReference; lastKnownFileType = sourcecode.c.objc; path = ChildVC.m; sourceTree = "<group>"; };
		549A0F631FDB046900E32B08 /* Demo2VC.h */ = {isa = PBXFileReference; lastKnownFileType = sourcecode.c.h; path = Demo2VC.h; sourceTree = "<group>"; };
		549A0F641FDB046900E32B08 /* Demo2VC.m */ = {isa = PBXFileReference; lastKnownFileType = sourcecode.c.objc; path = Demo2VC.m; sourceTree = "<group>"; };
		549A0F661FDB051700E32B08 /* DemoVC.h */ = {isa = PBXFileReference; lastKnownFileType = sourcecode.c.h; path = DemoVC.h; sourceTree = "<group>"; };
		549A0F671FDB051700E32B08 /* DemoVC.m */ = {isa = PBXFileReference; lastKnownFileType = sourcecode.c.objc; path = DemoVC.m; sourceTree = "<group>"; };
		54CC3C721FE17E4100FCDE4E /* MeiTuanDemo.h */ = {isa = PBXFileReference; lastKnownFileType = sourcecode.c.h; path = MeiTuanDemo.h; sourceTree = "<group>"; };
		54CC3C731FE17E4100FCDE4E /* MeiTuanDemo.m */ = {isa = PBXFileReference; lastKnownFileType = sourcecode.c.objc; path = MeiTuanDemo.m; sourceTree = "<group>"; };
		54CC3C751FE17EFD00FCDE4E /* MeiTuanHeader.h */ = {isa = PBXFileReference; lastKnownFileType = sourcecode.c.h; path = MeiTuanHeader.h; sourceTree = "<group>"; };
		54CC3C761FE17EFD00FCDE4E /* MeiTuanHeader.m */ = {isa = PBXFileReference; lastKnownFileType = sourcecode.c.objc; path = MeiTuanHeader.m; sourceTree = "<group>"; };
		54CC3C7B1FE17F8C00FCDE4E /* UIView+SDExtension.h */ = {isa = PBXFileReference; fileEncoding = 4; lastKnownFileType = sourcecode.c.h; path = "UIView+SDExtension.h"; sourceTree = "<group>"; };
		54CC3C7C1FE17F8C00FCDE4E /* SDCycleScrollView.h */ = {isa = PBXFileReference; fileEncoding = 4; lastKnownFileType = sourcecode.c.h; path = SDCycleScrollView.h; sourceTree = "<group>"; };
		54CC3C7D1FE17F8C00FCDE4E /* SDCollectionViewCell.h */ = {isa = PBXFileReference; fileEncoding = 4; lastKnownFileType = sourcecode.c.h; path = SDCollectionViewCell.h; sourceTree = "<group>"; };
		54CC3C7E1FE17F8C00FCDE4E /* SDCycleScrollView.m */ = {isa = PBXFileReference; fileEncoding = 4; lastKnownFileType = sourcecode.c.objc; path = SDCycleScrollView.m; sourceTree = "<group>"; };
		54CC3C7F1FE17F8C00FCDE4E /* UIView+SDExtension.m */ = {isa = PBXFileReference; fileEncoding = 4; lastKnownFileType = sourcecode.c.objc; path = "UIView+SDExtension.m"; sourceTree = "<group>"; };
		54CC3C801FE17F8C00FCDE4E /* SDCollectionViewCell.m */ = {isa = PBXFileReference; fileEncoding = 4; lastKnownFileType = sourcecode.c.objc; path = SDCollectionViewCell.m; sourceTree = "<group>"; };
		54CC3C821FE17F8C00FCDE4E /* TAAbstractDotView.h */ = {isa = PBXFileReference; fileEncoding = 4; lastKnownFileType = sourcecode.c.h; path = TAAbstractDotView.h; sourceTree = "<group>"; };
		54CC3C831FE17F8C00FCDE4E /* TADotView.m */ = {isa = PBXFileReference; fileEncoding = 4; lastKnownFileType = sourcecode.c.objc; path = TADotView.m; sourceTree = "<group>"; };
		54CC3C841FE17F8C00FCDE4E /* TAPageControl.m */ = {isa = PBXFileReference; fileEncoding = 4; lastKnownFileType = sourcecode.c.objc; path = TAPageControl.m; sourceTree = "<group>"; };
		54CC3C851FE17F8C00FCDE4E /* TAAnimatedDotView.m */ = {isa = PBXFileReference; fileEncoding = 4; lastKnownFileType = sourcecode.c.objc; path = TAAnimatedDotView.m; sourceTree = "<group>"; };
		54CC3C861FE17F8C00FCDE4E /* TAAbstractDotView.m */ = {isa = PBXFileReference; fileEncoding = 4; lastKnownFileType = sourcecode.c.objc; path = TAAbstractDotView.m; sourceTree = "<group>"; };
		54CC3C871FE17F8C00FCDE4E /* TADotView.h */ = {isa = PBXFileReference; fileEncoding = 4; lastKnownFileType = sourcecode.c.h; path = TADotView.h; sourceTree = "<group>"; };
		54CC3C881FE17F8C00FCDE4E /* TAAnimatedDotView.h */ = {isa = PBXFileReference; fileEncoding = 4; lastKnownFileType = sourcecode.c.h; path = TAAnimatedDotView.h; sourceTree = "<group>"; };
		54CC3C891FE17F8C00FCDE4E /* TAPageControl.h */ = {isa = PBXFileReference; fileEncoding = 4; lastKnownFileType = sourcecode.c.h; path = TAPageControl.h; sourceTree = "<group>"; };
		54CC3C941FE1829A00FCDE4E /* UIImage+WebP.m */ = {isa = PBXFileReference; fileEncoding = 4; lastKnownFileType = sourcecode.c.objc; path = "UIImage+WebP.m"; sourceTree = "<group>"; };
		54CC3C951FE1829A00FCDE4E /* MKAnnotationView+WebCache.m */ = {isa = PBXFileReference; fileEncoding = 4; lastKnownFileType = sourcecode.c.objc; path = "MKAnnotationView+WebCache.m"; sourceTree = "<group>"; };
		54CC3C961FE1829A00FCDE4E /* SDWebImageCoder.h */ = {isa = PBXFileReference; fileEncoding = 4; lastKnownFileType = sourcecode.c.h; path = SDWebImageCoder.h; sourceTree = "<group>"; };
		54CC3C971FE1829A00FCDE4E /* NSImage+WebCache.h */ = {isa = PBXFileReference; fileEncoding = 4; lastKnownFileType = sourcecode.c.h; path = "NSImage+WebCache.h"; sourceTree = "<group>"; };
		54CC3C981FE1829A00FCDE4E /* UIImageView+WebCache.h */ = {isa = PBXFileReference; fileEncoding = 4; lastKnownFileType = sourcecode.c.h; path = "UIImageView+WebCache.h"; sourceTree = "<group>"; };
		54CC3C991FE1829A00FCDE4E /* NSData+ImageContentType.h */ = {isa = PBXFileReference; fileEncoding = 4; lastKnownFileType = sourcecode.c.h; path = "NSData+ImageContentType.h"; sourceTree = "<group>"; };
		54CC3C9A1FE1829A00FCDE4E /* SDWebImageManager.m */ = {isa = PBXFileReference; fileEncoding = 4; lastKnownFileType = sourcecode.c.objc; path = SDWebImageManager.m; sourceTree = "<group>"; };
		54CC3C9B1FE1829A00FCDE4E /* SDWebImageDownloaderOperation.h */ = {isa = PBXFileReference; fileEncoding = 4; lastKnownFileType = sourcecode.c.h; path = SDWebImageDownloaderOperation.h; sourceTree = "<group>"; };
		54CC3C9C1FE1829A00FCDE4E /* UIImageView+HighlightedWebCache.m */ = {isa = PBXFileReference; fileEncoding = 4; lastKnownFileType = sourcecode.c.objc; path = "UIImageView+HighlightedWebCache.m"; sourceTree = "<group>"; };
		54CC3C9D1FE1829A00FCDE4E /* SDWebImageFrame.m */ = {isa = PBXFileReference; fileEncoding = 4; lastKnownFileType = sourcecode.c.objc; path = SDWebImageFrame.m; sourceTree = "<group>"; };
		54CC3C9E1FE1829A00FCDE4E /* SDImageCache.h */ = {isa = PBXFileReference; fileEncoding = 4; lastKnownFileType = sourcecode.c.h; path = SDImageCache.h; sourceTree = "<group>"; };
		54CC3C9F1FE1829A00FCDE4E /* UIImage+ForceDecode.m */ = {isa = PBXFileReference; fileEncoding = 4; lastKnownFileType = sourcecode.c.objc; path = "UIImage+ForceDecode.m"; sourceTree = "<group>"; };
		54CC3CA01FE1829A00FCDE4E /* SDImageCacheConfig.h */ = {isa = PBXFileReference; fileEncoding = 4; lastKnownFileType = sourcecode.c.h; path = SDImageCacheConfig.h; sourceTree = "<group>"; };
		54CC3CA11FE1829A00FCDE4E /* SDWebImageCodersManager.m */ = {isa = PBXFileReference; fileEncoding = 4; lastKnownFileType = sourcecode.c.objc; path = SDWebImageCodersManager.m; sourceTree = "<group>"; };
		54CC3CA51FE1829A00FCDE4E /* SDWebImageDownloader.m */ = {isa = PBXFileReference; fileEncoding = 4; lastKnownFileType = sourcecode.c.objc; path = SDWebImageDownloader.m; sourceTree = "<group>"; };
		54CC3CA61FE1829A00FCDE4E /* SDWebImageGIFCoder.h */ = {isa = PBXFileReference; fileEncoding = 4; lastKnownFileType = sourcecode.c.h; path = SDWebImageGIFCoder.h; sourceTree = "<group>"; };
		54CC3CA71FE1829A00FCDE4E /* SDWebImageWebPCoder.h */ = {isa = PBXFileReference; fileEncoding = 4; lastKnownFileType = sourcecode.c.h; path = SDWebImageWebPCoder.h; sourceTree = "<group>"; };
		54CC3CA81FE1829A00FCDE4E /* UIImage+GIF.m */ = {isa = PBXFileReference; fileEncoding = 4; lastKnownFileType = sourcecode.c.objc; path = "UIImage+GIF.m"; sourceTree = "<group>"; };
		54CC3CA91FE1829A00FCDE4E /* UIButton+WebCache.h */ = {isa = PBXFileReference; fileEncoding = 4; lastKnownFileType = sourcecode.c.h; path = "UIButton+WebCache.h"; sourceTree = "<group>"; };
		54CC3CAA1FE1829A00FCDE4E /* UIImage+MultiFormat.m */ = {isa = PBXFileReference; fileEncoding = 4; lastKnownFileType = sourcecode.c.objc; path = "UIImage+MultiFormat.m"; sourceTree = "<group>"; };
		54CC3CAB1FE1829A00FCDE4E /* SDWebImageCoderHelper.m */ = {isa = PBXFileReference; fileEncoding = 4; lastKnownFileType = sourcecode.c.objc; path = SDWebImageCoderHelper.m; sourceTree = "<group>"; };
		54CC3CAC1FE1829A00FCDE4E /* SDWebImageCompat.m */ = {isa = PBXFileReference; fileEncoding = 4; lastKnownFileType = sourcecode.c.objc; path = SDWebImageCompat.m; sourceTree = "<group>"; };
		54CC3CAD1FE1829A00FCDE4E /* SDWebImageImageIOCoder.h */ = {isa = PBXFileReference; fileEncoding = 4; lastKnownFileType = sourcecode.c.h; path = SDWebImageImageIOCoder.h; sourceTree = "<group>"; };
		54CC3CAE1FE1829A00FCDE4E /* SDWebImagePrefetcher.m */ = {isa = PBXFileReference; fileEncoding = 4; lastKnownFileType = sourcecode.c.objc; path = SDWebImagePrefetcher.m; sourceTree = "<group>"; };
		54CC3CAF1FE1829A00FCDE4E /* UIView+WebCache.h */ = {isa = PBXFileReference; fileEncoding = 4; lastKnownFileType = sourcecode.c.h; path = "UIView+WebCache.h"; sourceTree = "<group>"; };
		54CC3CB01FE1829A00FCDE4E /* UIView+WebCacheOperation.h */ = {isa = PBXFileReference; fileEncoding = 4; lastKnownFileType = sourcecode.c.h; path = "UIView+WebCacheOperation.h"; sourceTree = "<group>"; };
		54CC3CB11FE1829A00FCDE4E /* SDWebImageCoder.m */ = {isa = PBXFileReference; fileEncoding = 4; lastKnownFileType = sourcecode.c.objc; path = SDWebImageCoder.m; sourceTree = "<group>"; };
		54CC3CB21FE1829A00FCDE4E /* MKAnnotationView+WebCache.h */ = {isa = PBXFileReference; fileEncoding = 4; lastKnownFileType = sourcecode.c.h; path = "MKAnnotationView+WebCache.h"; sourceTree = "<group>"; };
		54CC3CB31FE1829A00FCDE4E /* UIImage+WebP.h */ = {isa = PBXFileReference; fileEncoding = 4; lastKnownFileType = sourcecode.c.h; path = "UIImage+WebP.h"; sourceTree = "<group>"; };
		54CC3CB41FE1829A00FCDE4E /* SDImageCache.m */ = {isa = PBXFileReference; fileEncoding = 4; lastKnownFileType = sourcecode.c.objc; path = SDImageCache.m; sourceTree = "<group>"; };
		54CC3CB51FE1829A00FCDE4E /* SDWebImageFrame.h */ = {isa = PBXFileReference; fileEncoding = 4; lastKnownFileType = sourcecode.c.h; path = SDWebImageFrame.h; sourceTree = "<group>"; };
		54CC3CB61FE1829A00FCDE4E /* UIImageView+HighlightedWebCache.h */ = {isa = PBXFileReference; fileEncoding = 4; lastKnownFileType = sourcecode.c.h; path = "UIImageView+HighlightedWebCache.h"; sourceTree = "<group>"; };
		54CC3CB71FE1829A00FCDE4E /* SDWebImageDownloaderOperation.m */ = {isa = PBXFileReference; fileEncoding = 4; lastKnownFileType = sourcecode.c.objc; path = SDWebImageDownloaderOperation.m; sourceTree = "<group>"; };
		54CC3CB81FE1829A00FCDE4E /* SDWebImageManager.h */ = {isa = PBXFileReference; fileEncoding = 4; lastKnownFileType = sourcecode.c.h; path = SDWebImageManager.h; sourceTree = "<group>"; };
		54CC3CB91FE1829A00FCDE4E /* NSData+ImageContentType.m */ = {isa = PBXFileReference; fileEncoding = 4; lastKnownFileType = sourcecode.c.objc; path = "NSData+ImageContentType.m"; sourceTree = "<group>"; };
		54CC3CBA1FE1829A00FCDE4E /* UIImageView+WebCache.m */ = {isa = PBXFileReference; fileEncoding = 4; lastKnownFileType = sourcecode.c.objc; path = "UIImageView+WebCache.m"; sourceTree = "<group>"; };
		54CC3CBB1FE1829A00FCDE4E /* SDWebImageOperation.h */ = {isa = PBXFileReference; fileEncoding = 4; lastKnownFileType = sourcecode.c.h; path = SDWebImageOperation.h; sourceTree = "<group>"; };
		54CC3CBC1FE1829A00FCDE4E /* NSImage+WebCache.m */ = {isa = PBXFileReference; fileEncoding = 4; lastKnownFileType = sourcecode.c.objc; path = "NSImage+WebCache.m"; sourceTree = "<group>"; };
		54CC3CBD1FE1829A00FCDE4E /* SDWebImageGIFCoder.m */ = {isa = PBXFileReference; fileEncoding = 4; lastKnownFileType = sourcecode.c.objc; path = SDWebImageGIFCoder.m; sourceTree = "<group>"; };
		54CC3CBE1FE1829A00FCDE4E /* SDWebImageDownloader.h */ = {isa = PBXFileReference; fileEncoding = 4; lastKnownFileType = sourcecode.c.h; path = SDWebImageDownloader.h; sourceTree = "<group>"; };
		54CC3CBF1FE1829A00FCDE4E /* SDImageCacheConfig.m */ = {isa = PBXFileReference; fileEncoding = 4; lastKnownFileType = sourcecode.c.objc; path = SDImageCacheConfig.m; sourceTree = "<group>"; };
		54CC3CC01FE1829A00FCDE4E /* SDWebImageCodersManager.h */ = {isa = PBXFileReference; fileEncoding = 4; lastKnownFileType = sourcecode.c.h; path = SDWebImageCodersManager.h; sourceTree = "<group>"; };
		54CC3CC11FE1829A00FCDE4E /* UIImage+ForceDecode.h */ = {isa = PBXFileReference; fileEncoding = 4; lastKnownFileType = sourcecode.c.h; path = "UIImage+ForceDecode.h"; sourceTree = "<group>"; };
		54CC3CC21FE1829A00FCDE4E /* UIView+WebCacheOperation.m */ = {isa = PBXFileReference; fileEncoding = 4; lastKnownFileType = sourcecode.c.objc; path = "UIView+WebCacheOperation.m"; sourceTree = "<group>"; };
		54CC3CC31FE1829A00FCDE4E /* UIView+WebCache.m */ = {isa = PBXFileReference; fileEncoding = 4; lastKnownFileType = sourcecode.c.objc; path = "UIView+WebCache.m"; sourceTree = "<group>"; };
		54CC3CC41FE1829A00FCDE4E /* SDWebImagePrefetcher.h */ = {isa = PBXFileReference; fileEncoding = 4; lastKnownFileType = sourcecode.c.h; path = SDWebImagePrefetcher.h; sourceTree = "<group>"; };
		54CC3CC51FE1829A00FCDE4E /* SDWebImageImageIOCoder.m */ = {isa = PBXFileReference; fileEncoding = 4; lastKnownFileType = sourcecode.c.objc; path = SDWebImageImageIOCoder.m; sourceTree = "<group>"; };
		54CC3CC61FE1829A00FCDE4E /* SDWebImageCompat.h */ = {isa = PBXFileReference; fileEncoding = 4; lastKnownFileType = sourcecode.c.h; path = SDWebImageCompat.h; sourceTree = "<group>"; };
		54CC3CC71FE1829A00FCDE4E /* SDWebImageCoderHelper.h */ = {isa = PBXFileReference; fileEncoding = 4; lastKnownFileType = sourcecode.c.h; path = SDWebImageCoderHelper.h; sourceTree = "<group>"; };
		54CC3CC81FE1829A00FCDE4E /* UIImage+MultiFormat.h */ = {isa = PBXFileReference; fileEncoding = 4; lastKnownFileType = sourcecode.c.h; path = "UIImage+MultiFormat.h"; sourceTree = "<group>"; };
		54CC3CC91FE1829A00FCDE4E /* UIButton+WebCache.m */ = {isa = PBXFileReference; fileEncoding = 4; lastKnownFileType = sourcecode.c.objc; path = "UIButton+WebCache.m"; sourceTree = "<group>"; };
		54CC3CCA1FE1829A00FCDE4E /* SDWebImageWebPCoder.m */ = {isa = PBXFileReference; fileEncoding = 4; lastKnownFileType = sourcecode.c.objc; path = SDWebImageWebPCoder.m; sourceTree = "<group>"; };
		54CC3CCB1FE1829A00FCDE4E /* UIImage+GIF.h */ = {isa = PBXFileReference; fileEncoding = 4; lastKnownFileType = sourcecode.c.h; path = "UIImage+GIF.h"; sourceTree = "<group>"; };
		54CC3CE71FE182D300FCDE4E /* SDWebImage.h */ = {isa = PBXFileReference; lastKnownFileType = sourcecode.c.h; path = SDWebImage.h; sourceTree = "<group>"; };
		54CC3CE81FE1852200FCDE4E /* MeiTuanNavBar.h */ = {isa = PBXFileReference; lastKnownFileType = sourcecode.c.h; path = MeiTuanNavBar.h; sourceTree = "<group>"; };
		54CC3CE91FE1852200FCDE4E /* MeiTuanNavBar.m */ = {isa = PBXFileReference; lastKnownFileType = sourcecode.c.objc; path = MeiTuanNavBar.m; sourceTree = "<group>"; };
/* End PBXFileReference section */

/* Begin PBXFrameworksBuildPhase section */
		54523F5C1FDAD28300F6F1C5 /* Frameworks */ = {
			isa = PBXFrameworksBuildPhase;
			buildActionMask = 2147483647;
			files = (
			);
			runOnlyForDeploymentPostprocessing = 0;
		};
		54523F741FDAD28400F6F1C5 /* Frameworks */ = {
			isa = PBXFrameworksBuildPhase;
			buildActionMask = 2147483647;
			files = (
			);
			runOnlyForDeploymentPostprocessing = 0;
		};
		54523F7F1FDAD28400F6F1C5 /* Frameworks */ = {
			isa = PBXFrameworksBuildPhase;
			buildActionMask = 2147483647;
			files = (
			);
			runOnlyForDeploymentPostprocessing = 0;
		};
/* End PBXFrameworksBuildPhase section */

/* Begin PBXGroup section */
		54523F561FDAD28300F6F1C5 = {
			isa = PBXGroup;
			children = (
				54523F611FDAD28300F6F1C5 /* AdsorbDemo */,
				54523F7A1FDAD28400F6F1C5 /* AdsorbDemoTests */,
				54523F851FDAD28400F6F1C5 /* AdsorbDemoUITests */,
				54523F601FDAD28300F6F1C5 /* Products */,
			);
			sourceTree = "<group>";
		};
		54523F601FDAD28300F6F1C5 /* Products */ = {
			isa = PBXGroup;
			children = (
				54523F5F1FDAD28300F6F1C5 /* AdsorbDemo.app */,
				54523F771FDAD28400F6F1C5 /* AdsorbDemoTests.xctest */,
				54523F821FDAD28400F6F1C5 /* AdsorbDemoUITests.xctest */,
			);
			name = Products;
			sourceTree = "<group>";
		};
		54523F611FDAD28300F6F1C5 /* AdsorbDemo */ = {
			isa = PBXGroup;
			children = (
				549A0F4D1FDAF2B600E32B08 /* ChildVC */,
				54523FA11FDADB0800F6F1C5 /* 响应似的吸附Demo */,
				54523F971FDAD48600F6F1C5 /* 仿微博个人主页Demo */,
				54523F961FDAD48200F6F1C5 /* 美团外卖主页滑动navBar */,
				54523F951FDAD48100F6F1C5 /* New Group1 */,
				54523F941FDAD47E00F6F1C5 /* New Group */,
				54523F981FDADACE00F6F1C5 /* Support */,
				54523F621FDAD28300F6F1C5 /* AppDelegate.h */,
				54523F631FDAD28300F6F1C5 /* AppDelegate.m */,
				54523F651FDAD28300F6F1C5 /* ViewController.h */,
				54523F661FDAD28300F6F1C5 /* ViewController.m */,
				54523FA21FDADB9600F6F1C5 /* PrefixHeader.pch */,
				54523F681FDAD28400F6F1C5 /* Main.storyboard */,
				54523F6B1FDAD28400F6F1C5 /* Assets.xcassets */,
				54523F6D1FDAD28400F6F1C5 /* LaunchScreen.storyboard */,
				54523F701FDAD28400F6F1C5 /* Info.plist */,
				54523F711FDAD28400F6F1C5 /* main.m */,
			);
			path = AdsorbDemo;
			sourceTree = "<group>";
		};
		54523F7A1FDAD28400F6F1C5 /* AdsorbDemoTests */ = {
			isa = PBXGroup;
			children = (
				54523F7B1FDAD28400F6F1C5 /* AdsorbDemoTests.m */,
				54523F7D1FDAD28400F6F1C5 /* Info.plist */,
			);
			path = AdsorbDemoTests;
			sourceTree = "<group>";
		};
		54523F851FDAD28400F6F1C5 /* AdsorbDemoUITests */ = {
			isa = PBXGroup;
			children = (
				54523F861FDAD28400F6F1C5 /* AdsorbDemoUITests.m */,
				54523F881FDAD28400F6F1C5 /* Info.plist */,
			);
			path = AdsorbDemoUITests;
			sourceTree = "<group>";
		};
		54523F941FDAD47E00F6F1C5 /* New Group */ = {
			isa = PBXGroup;
			children = (
			);
			path = "New Group";
			sourceTree = "<group>";
		};
		54523F951FDAD48100F6F1C5 /* New Group1 */ = {
			isa = PBXGroup;
			children = (
			);
			path = "New Group1";
			sourceTree = "<group>";
		};
		54523F961FDAD48200F6F1C5 /* 美团外卖主页滑动navBar */ = {
			isa = PBXGroup;
			children = (
				54CC3C721FE17E4100FCDE4E /* MeiTuanDemo.h */,
				54CC3C731FE17E4100FCDE4E /* MeiTuanDemo.m */,
				54CC3C751FE17EFD00FCDE4E /* MeiTuanHeader.h */,
				54CC3C761FE17EFD00FCDE4E /* MeiTuanHeader.m */,
				54CC3CE81FE1852200FCDE4E /* MeiTuanNavBar.h */,
				54CC3CE91FE1852200FCDE4E /* MeiTuanNavBar.m */,
			);
			path = "美团外卖主页滑动navBar";
			sourceTree = "<group>";
		};
		54523F971FDAD48600F6F1C5 /* 仿微博个人主页Demo */ = {
			isa = PBXGroup;
			children = (
				547AFC291FDC228E0012A3F2 /* WeiboDemo.h */,
				547AFC2A1FDC228E0012A3F2 /* WeiboDemo.m */,
				548EDC0D1FDD7EBF0072A3B1 /* SegmentCell.h */,
				548EDC0E1FDD7EBF0072A3B1 /* SegmentCell.m */,
				547AFC2F1FDC33CB0012A3F2 /* WeiboHeader.h */,
				547AFC301FDC33CB0012A3F2 /* WeiboHeader.m */,
				547AFC321FDC33E00012A3F2 /* WeiboHeader.xib */,
				547AFC341FDC41DB0012A3F2 /* Weibo_NavBar.h */,
				547AFC351FDC41DB0012A3F2 /* Weibo_NavBar.m */,
				547AFC3B1FDC5A510012A3F2 /* UITableView+Guesture.h */,
				547AFC3C1FDC5A510012A3F2 /* UITableView+Guesture.m */,
			);
			path = "仿微博个人主页Demo";
			sourceTree = "<group>";
		};
		54523F981FDADACE00F6F1C5 /* Support */ = {
			isa = PBXGroup;
			children = (
				54CC3C931FE1829A00FCDE4E /* SDWebImage */,
				54CC3C7A1FE17F8C00FCDE4E /* SDCycleScrollView */,
				547AFC3A1FDC59C70012A3F2 /* HFStretchableTableHeaderView */,
				54523FA91FDADD6100F6F1C5 /* HMSegmentedControl */,
				54523F991FDADADD00F6F1C5 /* SDAutoLayout */,
			);
			path = Support;
			sourceTree = "<group>";
		};
		54523F991FDADADD00F6F1C5 /* SDAutoLayout */ = {
			isa = PBXGroup;
			children = (
				54523F9D1FDADAEE00F6F1C5 /* SDAutoLayout.h */,
				54523F9A1FDADAED00F6F1C5 /* UITableView+SDAutoTableViewCellHeight.h */,
				54523F9E1FDADAEE00F6F1C5 /* UITableView+SDAutoTableViewCellHeight.m */,
				54523F9B1FDADAED00F6F1C5 /* UIView+SDAutoLayout.h */,
				54523F9C1FDADAEE00F6F1C5 /* UIView+SDAutoLayout.m */,
			);
			path = SDAutoLayout;
			sourceTree = "<group>";
		};
		54523FA11FDADB0800F6F1C5 /* 响应似的吸附Demo */ = {
			isa = PBXGroup;
			children = (
				549A0F661FDB051700E32B08 /* DemoVC.h */,
				549A0F671FDB051700E32B08 /* DemoVC.m */,
				54523FA61FDADC9D00F6F1C5 /* Demo1VC.h */,
				54523FA71FDADC9D00F6F1C5 /* Demo1VC.m */,
				549A0F631FDB046900E32B08 /* Demo2VC.h */,
				549A0F641FDB046900E32B08 /* Demo2VC.m */,
			);
			path = "响应似的吸附Demo";
			sourceTree = "<group>";
		};
		54523FA91FDADD6100F6F1C5 /* HMSegmentedControl */ = {
			isa = PBXGroup;
			children = (
				54523FB31FDADD7700F6F1C5 /* HMSegmentedControl+Category.h */,
				54523FB41FDADD7700F6F1C5 /* HMSegmentedControl+Category.m */,
				54523FAA1FDADD6100F6F1C5 /* HMSegmentedControl.h */,
				54523FB01FDADD6100F6F1C5 /* HMSegmentedControl.m */,
				54523FAB1FDADD6100F6F1C5 /* CYLTableViewPlaceHolder */,
			);
			path = HMSegmentedControl;
			sourceTree = "<group>";
		};
		54523FAB1FDADD6100F6F1C5 /* CYLTableViewPlaceHolder */ = {
			isa = PBXGroup;
			children = (
				54523FAC1FDADD6100F6F1C5 /* UITableView+CYLTableViewPlaceHolder.m */,
				54523FAD1FDADD6100F6F1C5 /* CYLTableViewPlaceHolder.h */,
				54523FAE1FDADD6100F6F1C5 /* CYLTableViewPlaceHolderDelegate.h */,
				54523FAF1FDADD6100F6F1C5 /* UITableView+CYLTableViewPlaceHolder.h */,
			);
			path = CYLTableViewPlaceHolder;
			sourceTree = "<group>";
		};
		547AFC3A1FDC59C70012A3F2 /* HFStretchableTableHeaderView */ = {
			isa = PBXGroup;
			children = (
				547AFC371FDC59C10012A3F2 /* HFStretchableTableHeaderView.h */,
				547AFC381FDC59C10012A3F2 /* HFStretchableTableHeaderView.m */,
			);
			path = HFStretchableTableHeaderView;
			sourceTree = "<group>";
		};
		549A0F4D1FDAF2B600E32B08 /* ChildVC */ = {
			isa = PBXGroup;
			children = (
				549A0F601FDB002500E32B08 /* ChildVC.h */,
				549A0F611FDB002500E32B08 /* ChildVC.m */,
				549A0F4E1FDAF38600E32B08 /* ChildVC1.h */,
				549A0F4F1FDAF38600E32B08 /* ChildVC1.m */,
				549A0F511FDAF39100E32B08 /* ChildVC2.h */,
				549A0F521FDAF39100E32B08 /* ChildVC2.m */,
				549A0F5A1FDAF51B00E32B08 /* ChildVC3.h */,
				549A0F5B1FDAF51B00E32B08 /* ChildVC3.m */,
				549A0F541FDAF3AF00E32B08 /* ChildVC4.h */,
				549A0F551FDAF3AF00E32B08 /* ChildVC4.m */,
				549A0F571FDAF3C000E32B08 /* ChildVC5.h */,
				549A0F581FDAF3C000E32B08 /* ChildVC5.m */,
				548EDC161FDD92E00072A3B1 /* ChildVC6.h */,
				548EDC171FDD92E00072A3B1 /* ChildVC6.m */,
			);
			path = ChildVC;
			sourceTree = "<group>";
		};
		54CC3C7A1FE17F8C00FCDE4E /* SDCycleScrollView */ = {
			isa = PBXGroup;
			children = (
				54CC3C7B1FE17F8C00FCDE4E /* UIView+SDExtension.h */,
				54CC3C7C1FE17F8C00FCDE4E /* SDCycleScrollView.h */,
				54CC3C7D1FE17F8C00FCDE4E /* SDCollectionViewCell.h */,
				54CC3C7E1FE17F8C00FCDE4E /* SDCycleScrollView.m */,
				54CC3C7F1FE17F8C00FCDE4E /* UIView+SDExtension.m */,
				54CC3C801FE17F8C00FCDE4E /* SDCollectionViewCell.m */,
				54CC3C811FE17F8C00FCDE4E /* PageControl */,
			);
			path = SDCycleScrollView;
			sourceTree = "<group>";
		};
		54CC3C811FE17F8C00FCDE4E /* PageControl */ = {
			isa = PBXGroup;
			children = (
				54CC3C821FE17F8C00FCDE4E /* TAAbstractDotView.h */,
				54CC3C831FE17F8C00FCDE4E /* TADotView.m */,
				54CC3C841FE17F8C00FCDE4E /* TAPageControl.m */,
				54CC3C851FE17F8C00FCDE4E /* TAAnimatedDotView.m */,
				54CC3C861FE17F8C00FCDE4E /* TAAbstractDotView.m */,
				54CC3C871FE17F8C00FCDE4E /* TADotView.h */,
				54CC3C881FE17F8C00FCDE4E /* TAAnimatedDotView.h */,
				54CC3C891FE17F8C00FCDE4E /* TAPageControl.h */,
			);
			path = PageControl;
			sourceTree = "<group>";
		};
		54CC3C931FE1829A00FCDE4E /* SDWebImage */ = {
			isa = PBXGroup;
			children = (
				54CC3CE71FE182D300FCDE4E /* SDWebImage.h */,
				54CC3C941FE1829A00FCDE4E /* UIImage+WebP.m */,
				54CC3C951FE1829A00FCDE4E /* MKAnnotationView+WebCache.m */,
				54CC3C961FE1829A00FCDE4E /* SDWebImageCoder.h */,
				54CC3C971FE1829A00FCDE4E /* NSImage+WebCache.h */,
				54CC3C981FE1829A00FCDE4E /* UIImageView+WebCache.h */,
				54CC3C991FE1829A00FCDE4E /* NSData+ImageContentType.h */,
				54CC3C9A1FE1829A00FCDE4E /* SDWebImageManager.m */,
				54CC3C9B1FE1829A00FCDE4E /* SDWebImageDownloaderOperation.h */,
				54CC3C9C1FE1829A00FCDE4E /* UIImageView+HighlightedWebCache.m */,
				54CC3C9D1FE1829A00FCDE4E /* SDWebImageFrame.m */,
				54CC3C9E1FE1829A00FCDE4E /* SDImageCache.h */,
				54CC3C9F1FE1829A00FCDE4E /* UIImage+ForceDecode.m */,
				54CC3CA01FE1829A00FCDE4E /* SDImageCacheConfig.h */,
				54CC3CA11FE1829A00FCDE4E /* SDWebImageCodersManager.m */,
				54CC3CA51FE1829A00FCDE4E /* SDWebImageDownloader.m */,
				54CC3CA61FE1829A00FCDE4E /* SDWebImageGIFCoder.h */,
				54CC3CA71FE1829A00FCDE4E /* SDWebImageWebPCoder.h */,
				54CC3CA81FE1829A00FCDE4E /* UIImage+GIF.m */,
				54CC3CA91FE1829A00FCDE4E /* UIButton+WebCache.h */,
				54CC3CAA1FE1829A00FCDE4E /* UIImage+MultiFormat.m */,
				54CC3CAB1FE1829A00FCDE4E /* SDWebImageCoderHelper.m */,
				54CC3CAC1FE1829A00FCDE4E /* SDWebImageCompat.m */,
				54CC3CAD1FE1829A00FCDE4E /* SDWebImageImageIOCoder.h */,
				54CC3CAE1FE1829A00FCDE4E /* SDWebImagePrefetcher.m */,
				54CC3CAF1FE1829A00FCDE4E /* UIView+WebCache.h */,
				54CC3CB01FE1829A00FCDE4E /* UIView+WebCacheOperation.h */,
				54CC3CB11FE1829A00FCDE4E /* SDWebImageCoder.m */,
				54CC3CB21FE1829A00FCDE4E /* MKAnnotationView+WebCache.h */,
				54CC3CB31FE1829A00FCDE4E /* UIImage+WebP.h */,
				54CC3CB41FE1829A00FCDE4E /* SDImageCache.m */,
				54CC3CB51FE1829A00FCDE4E /* SDWebImageFrame.h */,
				54CC3CB61FE1829A00FCDE4E /* UIImageView+HighlightedWebCache.h */,
				54CC3CB71FE1829A00FCDE4E /* SDWebImageDownloaderOperation.m */,
				54CC3CB81FE1829A00FCDE4E /* SDWebImageManager.h */,
				54CC3CB91FE1829A00FCDE4E /* NSData+ImageContentType.m */,
				54CC3CBA1FE1829A00FCDE4E /* UIImageView+WebCache.m */,
				54CC3CBB1FE1829A00FCDE4E /* SDWebImageOperation.h */,
				54CC3CBC1FE1829A00FCDE4E /* NSImage+WebCache.m */,
				54CC3CBD1FE1829A00FCDE4E /* SDWebImageGIFCoder.m */,
				54CC3CBE1FE1829A00FCDE4E /* SDWebImageDownloader.h */,
				54CC3CBF1FE1829A00FCDE4E /* SDImageCacheConfig.m */,
				54CC3CC01FE1829A00FCDE4E /* SDWebImageCodersManager.h */,
				54CC3CC11FE1829A00FCDE4E /* UIImage+ForceDecode.h */,
				54CC3CC21FE1829A00FCDE4E /* UIView+WebCacheOperation.m */,
				54CC3CC31FE1829A00FCDE4E /* UIView+WebCache.m */,
				54CC3CC41FE1829A00FCDE4E /* SDWebImagePrefetcher.h */,
				54CC3CC51FE1829A00FCDE4E /* SDWebImageImageIOCoder.m */,
				54CC3CC61FE1829A00FCDE4E /* SDWebImageCompat.h */,
				54CC3CC71FE1829A00FCDE4E /* SDWebImageCoderHelper.h */,
				54CC3CC81FE1829A00FCDE4E /* UIImage+MultiFormat.h */,
				54CC3CC91FE1829A00FCDE4E /* UIButton+WebCache.m */,
				54CC3CCA1FE1829A00FCDE4E /* SDWebImageWebPCoder.m */,
				54CC3CCB1FE1829A00FCDE4E /* UIImage+GIF.h */,
			);
			path = SDWebImage;
			sourceTree = "<group>";
		};
/* End PBXGroup section */

/* Begin PBXNativeTarget section */
		54523F5E1FDAD28300F6F1C5 /* AdsorbDemo */ = {
			isa = PBXNativeTarget;
			buildConfigurationList = 54523F8B1FDAD28400F6F1C5 /* Build configuration list for PBXNativeTarget "AdsorbDemo" */;
			buildPhases = (
				54523F5B1FDAD28300F6F1C5 /* Sources */,
				54523F5C1FDAD28300F6F1C5 /* Frameworks */,
				54523F5D1FDAD28300F6F1C5 /* Resources */,
			);
			buildRules = (
			);
			dependencies = (
			);
			name = AdsorbDemo;
			productName = AdsorbDemo;
			productReference = 54523F5F1FDAD28300F6F1C5 /* AdsorbDemo.app */;
			productType = "com.apple.product-type.application";
		};
		54523F761FDAD28400F6F1C5 /* AdsorbDemoTests */ = {
			isa = PBXNativeTarget;
			buildConfigurationList = 54523F8E1FDAD28400F6F1C5 /* Build configuration list for PBXNativeTarget "AdsorbDemoTests" */;
			buildPhases = (
				54523F731FDAD28400F6F1C5 /* Sources */,
				54523F741FDAD28400F6F1C5 /* Frameworks */,
				54523F751FDAD28400F6F1C5 /* Resources */,
			);
			buildRules = (
			);
			dependencies = (
				54523F791FDAD28400F6F1C5 /* PBXTargetDependency */,
			);
			name = AdsorbDemoTests;
			productName = AdsorbDemoTests;
			productReference = 54523F771FDAD28400F6F1C5 /* AdsorbDemoTests.xctest */;
			productType = "com.apple.product-type.bundle.unit-test";
		};
		54523F811FDAD28400F6F1C5 /* AdsorbDemoUITests */ = {
			isa = PBXNativeTarget;
			buildConfigurationList = 54523F911FDAD28400F6F1C5 /* Build configuration list for PBXNativeTarget "AdsorbDemoUITests" */;
			buildPhases = (
				54523F7E1FDAD28400F6F1C5 /* Sources */,
				54523F7F1FDAD28400F6F1C5 /* Frameworks */,
				54523F801FDAD28400F6F1C5 /* Resources */,
			);
			buildRules = (
			);
			dependencies = (
				54523F841FDAD28400F6F1C5 /* PBXTargetDependency */,
			);
			name = AdsorbDemoUITests;
			productName = AdsorbDemoUITests;
			productReference = 54523F821FDAD28400F6F1C5 /* AdsorbDemoUITests.xctest */;
			productType = "com.apple.product-type.bundle.ui-testing";
		};
/* End PBXNativeTarget section */

/* Begin PBXProject section */
		54523F571FDAD28300F6F1C5 /* Project object */ = {
			isa = PBXProject;
			attributes = {
				LastUpgradeCheck = 0910;
				ORGANIZATIONNAME = Shin;
				TargetAttributes = {
					54523F5E1FDAD28300F6F1C5 = {
						CreatedOnToolsVersion = 9.1;
						ProvisioningStyle = Automatic;
					};
					54523F761FDAD28400F6F1C5 = {
						CreatedOnToolsVersion = 9.1;
						ProvisioningStyle = Automatic;
						TestTargetID = 54523F5E1FDAD28300F6F1C5;
					};
					54523F811FDAD28400F6F1C5 = {
						CreatedOnToolsVersion = 9.1;
						ProvisioningStyle = Automatic;
						TestTargetID = 54523F5E1FDAD28300F6F1C5;
					};
				};
			};
			buildConfigurationList = 54523F5A1FDAD28300F6F1C5 /* Build configuration list for PBXProject "AdsorbDemo" */;
			compatibilityVersion = "Xcode 8.0";
			developmentRegion = en;
			hasScannedForEncodings = 0;
			knownRegions = (
				en,
				Base,
			);
			mainGroup = 54523F561FDAD28300F6F1C5;
			productRefGroup = 54523F601FDAD28300F6F1C5 /* Products */;
			projectDirPath = "";
			projectRoot = "";
			targets = (
				54523F5E1FDAD28300F6F1C5 /* AdsorbDemo */,
				54523F761FDAD28400F6F1C5 /* AdsorbDemoTests */,
				54523F811FDAD28400F6F1C5 /* AdsorbDemoUITests */,
			);
		};
/* End PBXProject section */

/* Begin PBXResourcesBuildPhase section */
		54523F5D1FDAD28300F6F1C5 /* Resources */ = {
			isa = PBXResourcesBuildPhase;
			buildActionMask = 2147483647;
			files = (
				54523F6F1FDAD28400F6F1C5 /* LaunchScreen.storyboard in Resources */,
				54523F6C1FDAD28400F6F1C5 /* Assets.xcassets in Resources */,
				54523F6A1FDAD28400F6F1C5 /* Main.storyboard in Resources */,
				547AFC331FDC33E00012A3F2 /* WeiboHeader.xib in Resources */,
			);
			runOnlyForDeploymentPostprocessing = 0;
		};
		54523F751FDAD28400F6F1C5 /* Resources */ = {
			isa = PBXResourcesBuildPhase;
			buildActionMask = 2147483647;
			files = (
			);
			runOnlyForDeploymentPostprocessing = 0;
		};
		54523F801FDAD28400F6F1C5 /* Resources */ = {
			isa = PBXResourcesBuildPhase;
			buildActionMask = 2147483647;
			files = (
			);
			runOnlyForDeploymentPostprocessing = 0;
		};
/* End PBXResourcesBuildPhase section */

/* Begin PBXSourcesBuildPhase section */
		54523F5B1FDAD28300F6F1C5 /* Sources */ = {
			isa = PBXSourcesBuildPhase;
			buildActionMask = 2147483647;
			files = (
				54CC3CE11FE1829A00FCDE4E /* SDImageCacheConfig.m in Sources */,
				54CC3CE41FE1829A00FCDE4E /* SDWebImageImageIOCoder.m in Sources */,
				54CC3C741FE17E4100FCDE4E /* MeiTuanDemo.m in Sources */,
				54523F671FDAD28300F6F1C5 /* ViewController.m in Sources */,
				549A0F621FDB002500E32B08 /* ChildVC.m in Sources */,
				54523FB21FDADD6200F6F1C5 /* HMSegmentedControl.m in Sources */,
				54523F721FDAD28400F6F1C5 /* main.m in Sources */,
				547AFC391FDC59C10012A3F2 /* HFStretchableTableHeaderView.m in Sources */,
				549A0F651FDB046A00E32B08 /* Demo2VC.m in Sources */,
				54CC3C8B1FE17F8C00FCDE4E /* UIView+SDExtension.m in Sources */,
				54CC3C8F1FE17F8C00FCDE4E /* TAAnimatedDotView.m in Sources */,
				549A0F501FDAF38600E32B08 /* ChildVC1.m in Sources */,
				54CC3CD51FE1829A00FCDE4E /* UIImage+GIF.m in Sources */,
				549A0F681FDB051700E32B08 /* DemoVC.m in Sources */,
				54523FB11FDADD6200F6F1C5 /* UITableView+CYLTableViewPlaceHolder.m in Sources */,
				54CC3CDE1FE1829A00FCDE4E /* UIImageView+WebCache.m in Sources */,
				54523F9F1FDADAEE00F6F1C5 /* UIView+SDAutoLayout.m in Sources */,
				54CC3CCF1FE1829A00FCDE4E /* UIImageView+HighlightedWebCache.m in Sources */,
				549A0F561FDAF3AF00E32B08 /* ChildVC4.m in Sources */,
				54CC3CE51FE1829A00FCDE4E /* UIButton+WebCache.m in Sources */,
				549A0F591FDAF3C000E32B08 /* ChildVC5.m in Sources */,
				54CC3C8E1FE17F8C00FCDE4E /* TAPageControl.m in Sources */,
				54CC3CD81FE1829A00FCDE4E /* SDWebImageCompat.m in Sources */,
				54CC3C8A1FE17F8C00FCDE4E /* SDCycleScrollView.m in Sources */,
				547AFC2B1FDC228E0012A3F2 /* WeiboDemo.m in Sources */,
				54CC3CCD1FE1829A00FCDE4E /* MKAnnotationView+WebCache.m in Sources */,
				54523F641FDAD28300F6F1C5 /* AppDelegate.m in Sources */,
				549A0F531FDAF39100E32B08 /* ChildVC2.m in Sources */,
				54CC3CCE1FE1829A00FCDE4E /* SDWebImageManager.m in Sources */,
				54CC3CD91FE1829A00FCDE4E /* SDWebImagePrefetcher.m in Sources */,
				54CC3CE31FE1829A00FCDE4E /* UIView+WebCache.m in Sources */,
				54523FA01FDADAEE00F6F1C5 /* UITableView+SDAutoTableViewCellHeight.m in Sources */,
				54CC3C8D1FE17F8C00FCDE4E /* TADotView.m in Sources */,
				54CC3CE01FE1829A00FCDE4E /* SDWebImageGIFCoder.m in Sources */,
				54CC3CD11FE1829A00FCDE4E /* UIImage+ForceDecode.m in Sources */,
				548EDC181FDD92E00072A3B1 /* ChildVC6.m in Sources */,
				547AFC311FDC33CB0012A3F2 /* WeiboHeader.m in Sources */,
				547AFC3D1FDC5A510012A3F2 /* UITableView+Guesture.m in Sources */,
				54CC3CE61FE1829A00FCDE4E /* SDWebImageWebPCoder.m in Sources */,
				54CC3CDA1FE1829A00FCDE4E /* SDWebImageCoder.m in Sources */,
				54CC3CDB1FE1829A00FCDE4E /* SDImageCache.m in Sources */,
				54CC3CCC1FE1829A00FCDE4E /* UIImage+WebP.m in Sources */,
				54CC3CD61FE1829A00FCDE4E /* UIImage+MultiFormat.m in Sources */,
				54CC3CDF1FE1829A00FCDE4E /* NSImage+WebCache.m in Sources */,
				54CC3C901FE17F8C00FCDE4E /* TAAbstractDotView.m in Sources */,
				54CC3CD21FE1829A00FCDE4E /* SDWebImageCodersManager.m in Sources */,
				54CC3C771FE17EFD00FCDE4E /* MeiTuanHeader.m in Sources */,
				54CC3CEA1FE1852200FCDE4E /* MeiTuanNavBar.m in Sources */,
				547AFC361FDC41DB0012A3F2 /* Weibo_NavBar.m in Sources */,
				54CC3CD71FE1829A00FCDE4E /* SDWebImageCoderHelper.m in Sources */,
				54523FA81FDADC9D00F6F1C5 /* Demo1VC.m in Sources */,
				54CC3CDD1FE1829A00FCDE4E /* NSData+ImageContentType.m in Sources */,
				54CC3C8C1FE17F8C00FCDE4E /* SDCollectionViewCell.m in Sources */,
				548EDC0F1FDD7EBF0072A3B1 /* SegmentCell.m in Sources */,
				54523FB51FDADD7800F6F1C5 /* HMSegmentedControl+Category.m in Sources */,
				54CC3CDC1FE1829A00FCDE4E /* SDWebImageDownloaderOperation.m in Sources */,
				54CC3CE21FE1829A00FCDE4E /* UIView+WebCacheOperation.m in Sources */,
				549A0F5C1FDAF51B00E32B08 /* ChildVC3.m in Sources */,
				54CC3CD41FE1829A00FCDE4E /* SDWebImageDownloader.m in Sources */,
				54CC3CD01FE1829A00FCDE4E /* SDWebImageFrame.m in Sources */,
			);
			runOnlyForDeploymentPostprocessing = 0;
		};
		54523F731FDAD28400F6F1C5 /* Sources */ = {
			isa = PBXSourcesBuildPhase;
			buildActionMask = 2147483647;
			files = (
				54523F7C1FDAD28400F6F1C5 /* AdsorbDemoTests.m in Sources */,
			);
			runOnlyForDeploymentPostprocessing = 0;
		};
		54523F7E1FDAD28400F6F1C5 /* Sources */ = {
			isa = PBXSourcesBuildPhase;
			buildActionMask = 2147483647;
			files = (
				54523F871FDAD28400F6F1C5 /* AdsorbDemoUITests.m in Sources */,
			);
			runOnlyForDeploymentPostprocessing = 0;
		};
/* End PBXSourcesBuildPhase section */

/* Begin PBXTargetDependency section */
		54523F791FDAD28400F6F1C5 /* PBXTargetDependency */ = {
			isa = PBXTargetDependency;
			target = 54523F5E1FDAD28300F6F1C5 /* AdsorbDemo */;
			targetProxy = 54523F781FDAD28400F6F1C5 /* PBXContainerItemProxy */;
		};
		54523F841FDAD28400F6F1C5 /* PBXTargetDependency */ = {
			isa = PBXTargetDependency;
			target = 54523F5E1FDAD28300F6F1C5 /* AdsorbDemo */;
			targetProxy = 54523F831FDAD28400F6F1C5 /* PBXContainerItemProxy */;
		};
/* End PBXTargetDependency section */

/* Begin PBXVariantGroup section */
		54523F681FDAD28400F6F1C5 /* Main.storyboard */ = {
			isa = PBXVariantGroup;
			children = (
				54523F691FDAD28400F6F1C5 /* Base */,
			);
			name = Main.storyboard;
			sourceTree = "<group>";
		};
		54523F6D1FDAD28400F6F1C5 /* LaunchScreen.storyboard */ = {
			isa = PBXVariantGroup;
			children = (
				54523F6E1FDAD28400F6F1C5 /* Base */,
			);
			name = LaunchScreen.storyboard;
			sourceTree = "<group>";
		};
/* End PBXVariantGroup section */

/* Begin XCBuildConfiguration section */
		54523F891FDAD28400F6F1C5 /* Debug */ = {
			isa = XCBuildConfiguration;
			buildSettings = {
				ALWAYS_SEARCH_USER_PATHS = NO;
				CLANG_ANALYZER_NONNULL = YES;
				CLANG_ANALYZER_NUMBER_OBJECT_CONVERSION = YES_AGGRESSIVE;
				CLANG_CXX_LANGUAGE_STANDARD = "gnu++14";
				CLANG_CXX_LIBRARY = "libc++";
				CLANG_ENABLE_MODULES = YES;
				CLANG_ENABLE_OBJC_ARC = YES;
				CLANG_WARN_BLOCK_CAPTURE_AUTORELEASING = YES;
				CLANG_WARN_BOOL_CONVERSION = YES;
				CLANG_WARN_COMMA = YES;
				CLANG_WARN_CONSTANT_CONVERSION = YES;
				CLANG_WARN_DIRECT_OBJC_ISA_USAGE = YES_ERROR;
				CLANG_WARN_DOCUMENTATION_COMMENTS = YES;
				CLANG_WARN_EMPTY_BODY = YES;
				CLANG_WARN_ENUM_CONVERSION = YES;
				CLANG_WARN_INFINITE_RECURSION = YES;
				CLANG_WARN_INT_CONVERSION = YES;
				CLANG_WARN_NON_LITERAL_NULL_CONVERSION = YES;
				CLANG_WARN_OBJC_LITERAL_CONVERSION = YES;
				CLANG_WARN_OBJC_ROOT_CLASS = YES_ERROR;
				CLANG_WARN_RANGE_LOOP_ANALYSIS = YES;
				CLANG_WARN_STRICT_PROTOTYPES = YES;
				CLANG_WARN_SUSPICIOUS_MOVE = YES;
				CLANG_WARN_UNGUARDED_AVAILABILITY = YES_AGGRESSIVE;
				CLANG_WARN_UNREACHABLE_CODE = YES;
				CLANG_WARN__DUPLICATE_METHOD_MATCH = YES;
				CODE_SIGN_IDENTITY = "iPhone Developer";
				COPY_PHASE_STRIP = NO;
				DEBUG_INFORMATION_FORMAT = dwarf;
				ENABLE_STRICT_OBJC_MSGSEND = YES;
				ENABLE_TESTABILITY = YES;
				GCC_C_LANGUAGE_STANDARD = gnu11;
				GCC_DYNAMIC_NO_PIC = NO;
				GCC_NO_COMMON_BLOCKS = YES;
				GCC_OPTIMIZATION_LEVEL = 0;
				GCC_PREPROCESSOR_DEFINITIONS = (
					"DEBUG=1",
					"$(inherited)",
				);
				GCC_WARN_64_TO_32_BIT_CONVERSION = YES;
				GCC_WARN_ABOUT_RETURN_TYPE = YES_ERROR;
				GCC_WARN_UNDECLARED_SELECTOR = YES;
				GCC_WARN_UNINITIALIZED_AUTOS = YES_AGGRESSIVE;
				GCC_WARN_UNUSED_FUNCTION = YES;
				GCC_WARN_UNUSED_VARIABLE = YES;
				IPHONEOS_DEPLOYMENT_TARGET = 11.1;
				MTL_ENABLE_DEBUG_INFO = YES;
				ONLY_ACTIVE_ARCH = YES;
				SDKROOT = iphoneos;
			};
			name = Debug;
		};
		54523F8A1FDAD28400F6F1C5 /* Release */ = {
			isa = XCBuildConfiguration;
			buildSettings = {
				ALWAYS_SEARCH_USER_PATHS = NO;
				CLANG_ANALYZER_NONNULL = YES;
				CLANG_ANALYZER_NUMBER_OBJECT_CONVERSION = YES_AGGRESSIVE;
				CLANG_CXX_LANGUAGE_STANDARD = "gnu++14";
				CLANG_CXX_LIBRARY = "libc++";
				CLANG_ENABLE_MODULES = YES;
				CLANG_ENABLE_OBJC_ARC = YES;
				CLANG_WARN_BLOCK_CAPTURE_AUTORELEASING = YES;
				CLANG_WARN_BOOL_CONVERSION = YES;
				CLANG_WARN_COMMA = YES;
				CLANG_WARN_CONSTANT_CONVERSION = YES;
				CLANG_WARN_DIRECT_OBJC_ISA_USAGE = YES_ERROR;
				CLANG_WARN_DOCUMENTATION_COMMENTS = YES;
				CLANG_WARN_EMPTY_BODY = YES;
				CLANG_WARN_ENUM_CONVERSION = YES;
				CLANG_WARN_INFINITE_RECURSION = YES;
				CLANG_WARN_INT_CONVERSION = YES;
				CLANG_WARN_NON_LITERAL_NULL_CONVERSION = YES;
				CLANG_WARN_OBJC_LITERAL_CONVERSION = YES;
				CLANG_WARN_OBJC_ROOT_CLASS = YES_ERROR;
				CLANG_WARN_RANGE_LOOP_ANALYSIS = YES;
				CLANG_WARN_STRICT_PROTOTYPES = YES;
				CLANG_WARN_SUSPICIOUS_MOVE = YES;
				CLANG_WARN_UNGUARDED_AVAILABILITY = YES_AGGRESSIVE;
				CLANG_WARN_UNREACHABLE_CODE = YES;
				CLANG_WARN__DUPLICATE_METHOD_MATCH = YES;
				CODE_SIGN_IDENTITY = "iPhone Developer";
				COPY_PHASE_STRIP = NO;
				DEBUG_INFORMATION_FORMAT = "dwarf-with-dsym";
				ENABLE_NS_ASSERTIONS = NO;
				ENABLE_STRICT_OBJC_MSGSEND = YES;
				GCC_C_LANGUAGE_STANDARD = gnu11;
				GCC_NO_COMMON_BLOCKS = YES;
				GCC_WARN_64_TO_32_BIT_CONVERSION = YES;
				GCC_WARN_ABOUT_RETURN_TYPE = YES_ERROR;
				GCC_WARN_UNDECLARED_SELECTOR = YES;
				GCC_WARN_UNINITIALIZED_AUTOS = YES_AGGRESSIVE;
				GCC_WARN_UNUSED_FUNCTION = YES;
				GCC_WARN_UNUSED_VARIABLE = YES;
				IPHONEOS_DEPLOYMENT_TARGET = 11.1;
				MTL_ENABLE_DEBUG_INFO = NO;
				SDKROOT = iphoneos;
				VALIDATE_PRODUCT = YES;
			};
			name = Release;
		};
		54523F8C1FDAD28400F6F1C5 /* Debug */ = {
			isa = XCBuildConfiguration;
			buildSettings = {
				ASSETCATALOG_COMPILER_APPICON_NAME = AppIcon;
				ASSETCATALOG_COMPILER_LAUNCHIMAGE_NAME = LaunchImage;
				CODE_SIGN_STYLE = Automatic;
				DEVELOPMENT_TEAM = 5DVPT5R6X2;
				GCC_PREFIX_HEADER = "$(SRCROOT)/AdsorbDemo/PrefixHeader.pch";
				INFOPLIST_FILE = AdsorbDemo/Info.plist;
				IPHONEOS_DEPLOYMENT_TARGET = 10.0;
				LD_RUNPATH_SEARCH_PATHS = "$(inherited) @executable_path/Frameworks";
				PRODUCT_BUNDLE_IDENTIFIER = com.Shin.AdsorbDemo;
				PRODUCT_NAME = "$(TARGET_NAME)";
				TARGETED_DEVICE_FAMILY = "1,2";
			};
			name = Debug;
		};
		54523F8D1FDAD28400F6F1C5 /* Release */ = {
			isa = XCBuildConfiguration;
			buildSettings = {
				ASSETCATALOG_COMPILER_APPICON_NAME = AppIcon;
				ASSETCATALOG_COMPILER_LAUNCHIMAGE_NAME = LaunchImage;
				CODE_SIGN_STYLE = Automatic;
				DEVELOPMENT_TEAM = 5DVPT5R6X2;
				GCC_PREFIX_HEADER = "$(SRCROOT)/AdsorbDemo/PrefixHeader.pch";
				INFOPLIST_FILE = AdsorbDemo/Info.plist;
				IPHONEOS_DEPLOYMENT_TARGET = 10.0;
				LD_RUNPATH_SEARCH_PATHS = "$(inherited) @executable_path/Frameworks";
				PRODUCT_BUNDLE_IDENTIFIER = com.Shin.AdsorbDemo;
				PRODUCT_NAME = "$(TARGET_NAME)";
				TARGETED_DEVICE_FAMILY = "1,2";
			};
			name = Release;
		};
		54523F8F1FDAD28400F6F1C5 /* Debug */ = {
			isa = XCBuildConfiguration;
			buildSettings = {
				BUNDLE_LOADER = "$(TEST_HOST)";
				CODE_SIGN_STYLE = Automatic;
				DEVELOPMENT_TEAM = 5DVPT5R6X2;
				INFOPLIST_FILE = AdsorbDemoTests/Info.plist;
				LD_RUNPATH_SEARCH_PATHS = "$(inherited) @executable_path/Frameworks @loader_path/Frameworks";
				PRODUCT_BUNDLE_IDENTIFIER = com.Shin.AdsorbDemoTests;
				PRODUCT_NAME = "$(TARGET_NAME)";
				TARGETED_DEVICE_FAMILY = "1,2";
				TEST_HOST = "$(BUILT_PRODUCTS_DIR)/AdsorbDemo.app/AdsorbDemo";
			};
			name = Debug;
		};
		54523F901FDAD28400F6F1C5 /* Release */ = {
			isa = XCBuildConfiguration;
			buildSettings = {
				BUNDLE_LOADER = "$(TEST_HOST)";
				CODE_SIGN_STYLE = Automatic;
				DEVELOPMENT_TEAM = 5DVPT5R6X2;
				INFOPLIST_FILE = AdsorbDemoTests/Info.plist;
				LD_RUNPATH_SEARCH_PATHS = "$(inherited) @executable_path/Frameworks @loader_path/Frameworks";
				PRODUCT_BUNDLE_IDENTIFIER = com.Shin.AdsorbDemoTests;
				PRODUCT_NAME = "$(TARGET_NAME)";
				TARGETED_DEVICE_FAMILY = "1,2";
				TEST_HOST = "$(BUILT_PRODUCTS_DIR)/AdsorbDemo.app/AdsorbDemo";
			};
			name = Release;
		};
		54523F921FDAD28400F6F1C5 /* Debug */ = {
			isa = XCBuildConfiguration;
			buildSettings = {
				CODE_SIGN_STYLE = Automatic;
				DEVELOPMENT_TEAM = 5DVPT5R6X2;
				INFOPLIST_FILE = AdsorbDemoUITests/Info.plist;
				LD_RUNPATH_SEARCH_PATHS = "$(inherited) @executable_path/Frameworks @loader_path/Frameworks";
				PRODUCT_BUNDLE_IDENTIFIER = com.Shin.AdsorbDemoUITests;
				PRODUCT_NAME = "$(TARGET_NAME)";
				TARGETED_DEVICE_FAMILY = "1,2";
				TEST_TARGET_NAME = AdsorbDemo;
			};
			name = Debug;
		};
		54523F931FDAD28400F6F1C5 /* Release */ = {
			isa = XCBuildConfiguration;
			buildSettings = {
				CODE_SIGN_STYLE = Automatic;
				DEVELOPMENT_TEAM = 5DVPT5R6X2;
				INFOPLIST_FILE = AdsorbDemoUITests/Info.plist;
				LD_RUNPATH_SEARCH_PATHS = "$(inherited) @executable_path/Frameworks @loader_path/Frameworks";
				PRODUCT_BUNDLE_IDENTIFIER = com.Shin.AdsorbDemoUITests;
				PRODUCT_NAME = "$(TARGET_NAME)";
				TARGETED_DEVICE_FAMILY = "1,2";
				TEST_TARGET_NAME = AdsorbDemo;
			};
			name = Release;
		};
/* End XCBuildConfiguration section */

/* Begin XCConfigurationList section */
		54523F5A1FDAD28300F6F1C5 /* Build configuration list for PBXProject "AdsorbDemo" */ = {
			isa = XCConfigurationList;
			buildConfigurations = (
				54523F891FDAD28400F6F1C5 /* Debug */,
				54523F8A1FDAD28400F6F1C5 /* Release */,
			);
			defaultConfigurationIsVisible = 0;
			defaultConfigurationName = Release;
		};
		54523F8B1FDAD28400F6F1C5 /* Build configuration list for PBXNativeTarget "AdsorbDemo" */ = {
			isa = XCConfigurationList;
			buildConfigurations = (
				54523F8C1FDAD28400F6F1C5 /* Debug */,
				54523F8D1FDAD28400F6F1C5 /* Release */,
			);
			defaultConfigurationIsVisible = 0;
			defaultConfigurationName = Release;
		};
		54523F8E1FDAD28400F6F1C5 /* Build configuration list for PBXNativeTarget "AdsorbDemoTests" */ = {
			isa = XCConfigurationList;
			buildConfigurations = (
				54523F8F1FDAD28400F6F1C5 /* Debug */,
				54523F901FDAD28400F6F1C5 /* Release */,
			);
			defaultConfigurationIsVisible = 0;
			defaultConfigurationName = Release;
		};
		54523F911FDAD28400F6F1C5 /* Build configuration list for PBXNativeTarget "AdsorbDemoUITests" */ = {
			isa = XCConfigurationList;
			buildConfigurations = (
				54523F921FDAD28400F6F1C5 /* Debug */,
				54523F931FDAD28400F6F1C5 /* Release */,
			);
			defaultConfigurationIsVisible = 0;
			defaultConfigurationName = Release;
		};
/* End XCConfigurationList section */
	};
	rootObject = 54523F571FDAD28300F6F1C5 /* Project object */;
}
